
Microsoft Visual Studio Solution File, Format Version 12.00
# Visual Studio Version 16
VisualStudioVersion = 16.0.31105.61
MinimumVisualStudioVersion = 10.0.40219.1
Project("{9A19103F-16F7-4668-BE54-9A1E7A4F7556}") = "LastProject", "LastProject\LastProject.csproj", "{F9637698-D477-4228-9DB4-9A1CC80B5360}"
EndProject
Project("{9A19103F-16F7-4668-BE54-9A1E7A4F7556}") = "LastProject.Tests", "LastProject.Tests\LastProject.Tests.csproj", "{EDE29578-D19C-468D-A16B-B147AC43CBAF}"
EndProject
Global
	GlobalSection(SolutionConfigurationPlatforms) = preSolution
		Debug|Any CPU = Debug|Any CPU
		Release|Any CPU = Release|Any CPU
	EndGlobalSection
	GlobalSection(ProjectConfigurationPlatforms) = postSolution
		{F9637698-D477-4228-9DB4-9A1CC80B5360}.Debug|Any CPU.ActiveCfg = Debug|Any CPU
		{F9637698-D477-4228-9DB4-9A1CC80B5360}.Debug|Any CPU.Build.0 = Debug|Any CPU
		{F9637698-D477-4228-9DB4-9A1CC80B5360}.Release|Any CPU.ActiveCfg = Release|Any CPU
		{F9637698-D477-4228-9DB4-9A1CC80B5360}.Release|Any CPU.Build.0 = Release|Any CPU
		{EDE29578-D19C-468D-A16B-B147AC43CBAF}.Debug|Any CPU.ActiveCfg = Debug|Any CPU
		{EDE29578-D19C-468D-A16B-B147AC43CBAF}.Debug|Any CPU.Build.0 = Debug|Any CPU
		{EDE29578-D19C-468D-A16B-B147AC43CBAF}.Release|Any CPU.ActiveCfg = Release|Any CPU
		{EDE29578-D19C-468D-A16B-B147AC43CBAF}.Release|Any CPU.Build.0 = Release|Any CPU
	EndGlobalSection
	GlobalSection(SolutionProperties) = preSolution
		HideSolutionNode = FALSE
	EndGlobalSection
	GlobalSection(ExtensibilityGlobals) = postSolution
		SolutionGuid = {0C726D18-F308-4C6D-9FFA-9F18D9D9D3C4}
	EndGlobalSection
EndGlobal
